
Microsoft Visual Studio Solution File, Format Version 12.00
Project("{FAE04EC0-301F-11D3-BF4B-00C04F79EFBC}") = "ModularExponentiation", "ModularExponentiation/ModularExponentiation.csproj", "{BF1C02F2-D0E0-4F1E-A556-A945156CC607}"
EndProject
Project("{FAE04EC0-301F-11D3-BF4B-00C04F79EFBC}") = "PrimesGenerator", "PrimesGenerator\PrimesGenerator.csproj", "{28B257D3-D588-4E7A-85A6-0224E4974567}"
EndProject
Global
	GlobalSection(SolutionConfigurationPlatforms) = preSolution
		Debug|Any CPU = Debug|Any CPU
		Release|Any CPU = Release|Any CPU
	EndGlobalSection
	GlobalSection(ProjectConfigurationPlatforms) = postSolution
		{BF1C02F2-D0E0-4F1E-A556-A945156CC607}.Debug|Any CPU.ActiveCfg = Debug|Any CPU
		{BF1C02F2-D0E0-4F1E-A556-A945156CC607}.Debug|Any CPU.Build.0 = Debug|Any CPU
		{BF1C02F2-D0E0-4F1E-A556-A945156CC607}.Release|Any CPU.ActiveCfg = Release|Any CPU
		{BF1C02F2-D0E0-4F1E-A556-A945156CC607}.Release|Any CPU.Build.0 = Release|Any CPU
		{28B257D3-D588-4E7A-85A6-0224E4974567}.Debug|Any CPU.ActiveCfg = Debug|Any CPU
		{28B257D3-D588-4E7A-85A6-0224E4974567}.Debug|Any CPU.Build.0 = Debug|Any CPU
		{28B257D3-D588-4E7A-85A6-0224E4974567}.Release|Any CPU.ActiveCfg = Release|Any CPU
		{28B257D3-D588-4E7A-85A6-0224E4974567}.Release|Any CPU.Build.0 = Release|Any CPU
	EndGlobalSection
EndGlobal
